
Microsoft Visual Studio Solution File, Format Version 12.00
# Visual Studio Version 16
VisualStudioVersion = 16.0.31321.278
MinimumVisualStudioVersion = 10.0.40219.1
Project("{FAE04EC0-301F-11D3-BF4B-00C04F79EFBC}") = "MVC", "MVC\MVC.csproj", "{3F6BA279-2494-44F7-A5D6-F02FA9446623}"
EndProject
Global
	GlobalSection(SolutionConfigurationPlatforms) = preSolution
		Debug|Any CPU = Debug|Any CPU
		Release|Any CPU = Release|Any CPU
	EndGlobalSection
	GlobalSection(ProjectConfigurationPlatforms) = postSolution
		{3F6BA279-2494-44F7-A5D6-F02FA9446623}.Debug|Any CPU.ActiveCfg = Debug|Any CPU
		{3F6BA279-2494-44F7-A5D6-F02FA9446623}.Debug|Any CPU.Build.0 = Debug|Any CPU
		{3F6BA279-2494-44F7-A5D6-F02FA9446623}.Release|Any CPU.ActiveCfg = Release|Any CPU
		{3F6BA279-2494-44F7-A5D6-F02FA9446623}.Release|Any CPU.Build.0 = Release|Any CPU
	EndGlobalSection
	GlobalSection(SolutionProperties) = preSolution
		HideSolutionNode = FALSE
	EndGlobalSection
	GlobalSection(ExtensibilityGlobals) = postSolution
		SolutionGuid = {E584B233-14E6-4FC5-AA5B-592B92705C81}
	EndGlobalSection
EndGlobal
